{
  "name": "newsletter",
  "lockfileVersion": 2,
  "requires": true,
  "packages": {
    "../../../../usr/local/lib/node_modules/colors": {
      "version": "1.4.0",
      "extraneous": true,
      "license": "MIT",
      "devDependencies": {
        "eslint": "^5.2.0",
        "eslint-config-google": "^0.11.0"
      },
      "engines": {
        "node": ">=0.1.90"
      }
    },
    "../../../../usr/local/lib/node_modules/eleventy": {
      "version": "1.0.6",
      "extraneous": true,
      "hasInstallScript": true,
      "license": "MIT"
    },
    "../../../../usr/local/lib/node_modules/showdown": {
      "version": "1.9.1",
      "extraneous": true,
      "license": "BSD-3-Clause",
      "dependencies": {
        "yargs": "^14.2"
      },
      "bin": {
        "showdown": "bin/showdown.js"
      },
      "devDependencies": {
        "chai": "^4.0.2",
        "grunt": "^1.0.3",
        "grunt-contrib-clean": "^1.0.0",
        "grunt-contrib-concat": "^1.0.1",
        "grunt-contrib-jshint": "^1.1.0",
        "grunt-contrib-uglify": "^3.1.0",
        "grunt-conventional-changelog": "^6.1.0",
        "grunt-conventional-github-releaser": "^1.0.0",
        "grunt-endline": "^0.6.1",
        "grunt-eslint": "^22.0.0",
        "grunt-simple-mocha": "^0.4.0",
        "jsdom": "^13.0.0",
        "load-grunt-tasks": "^3.2.0",
        "performance-now": "^2.0.0",
        "quiet-grunt": "^0.2.3",
        "semver": "^5.4.1",
        "semver-sort": "0.0.4",
        "sinon": "^4.0.0",
        "source-map-support": "^0.5.0"
      }
    }
  }
}
